
Microsoft Visual Studio Solution File, Format Version 12.00
# Visual Studio Version 17
VisualStudioVersion = 17.9.34616.47
MinimumVisualStudioVersion = 10.0.40219.1
Project("{FAE04EC0-301F-11D3-BF4B-00C04F79EFBC}") = "WebApplication2", "WebApplication2\WebApplication2.csproj", "{AB172E54-EA5F-4999-B4A6-C6A8E56011BD}"
EndProject
Global
	GlobalSection(SolutionConfigurationPlatforms) = preSolution
		Debug|Any CPU = Debug|Any CPU
		Release|Any CPU = Release|Any CPU
	EndGlobalSection
	GlobalSection(ProjectConfigurationPlatforms) = postSolution
		{AB172E54-EA5F-4999-B4A6-C6A8E56011BD}.Debug|Any CPU.ActiveCfg = Debug|Any CPU
		{AB172E54-EA5F-4999-B4A6-C6A8E56011BD}.Debug|Any CPU.Build.0 = Debug|Any CPU
		{AB172E54-EA5F-4999-B4A6-C6A8E56011BD}.Release|Any CPU.ActiveCfg = Release|Any CPU
		{AB172E54-EA5F-4999-B4A6-C6A8E56011BD}.Release|Any CPU.Build.0 = Release|Any CPU
	EndGlobalSection
	GlobalSection(SolutionProperties) = preSolution
		HideSolutionNode = FALSE
	EndGlobalSection
	GlobalSection(ExtensibilityGlobals) = postSolution
		SolutionGuid = {9EF8890E-21BC-4119-AD0F-E3DF93277F58}
	EndGlobalSection
EndGlobal
